
Microsoft Visual Studio Solution File, Format Version 12.00
# Visual Studio 15
VisualStudioVersion = 15.0.28307.757
MinimumVisualStudioVersion = 10.0.40219.1
Project("{FAE04EC0-301F-11D3-BF4B-00C04F79EFBC}") = "OnlineComputerHardwareStore", "OnlineComputerHardwareStore\OnlineComputerHardwareStore.csproj", "{76413985-7E86-4132-B343-48D6F52220AC}"
EndProject
Global
	GlobalSection(SolutionConfigurationPlatforms) = preSolution
		Debug|Any CPU = Debug|Any CPU
		Release|Any CPU = Release|Any CPU
	EndGlobalSection
	GlobalSection(ProjectConfigurationPlatforms) = postSolution
		{76413985-7E86-4132-B343-48D6F52220AC}.Debug|Any CPU.ActiveCfg = Debug|Any CPU
		{76413985-7E86-4132-B343-48D6F52220AC}.Debug|Any CPU.Build.0 = Debug|Any CPU
		{76413985-7E86-4132-B343-48D6F52220AC}.Release|Any CPU.ActiveCfg = Release|Any CPU
		{76413985-7E86-4132-B343-48D6F52220AC}.Release|Any CPU.Build.0 = Release|Any CPU
	EndGlobalSection
	GlobalSection(SolutionProperties) = preSolution
		HideSolutionNode = FALSE
	EndGlobalSection
	GlobalSection(ExtensibilityGlobals) = postSolution
		SolutionGuid = {2646D463-4B4C-4B68-AFE8-6A26F28F2DAC}
	EndGlobalSection
EndGlobal
